
Microsoft Visual Studio Solution File, Format Version 12.00
# Visual Studio Version 17
VisualStudioVersion = 17.9.34701.34
MinimumVisualStudioVersion = 10.0.40219.1
Project("{2150E333-8FDC-42A3-9474-1A3956D46DE8}") = "Services", "Services", "{59CF834A-8318-445C-8CFA-073C1F7A42C5}"
EndProject
Project("{2150E333-8FDC-42A3-9474-1A3956D46DE8}") = "Catalog", "Catalog", "{1699A489-E346-4D06-9651-9F8401C8FE63}"
EndProject
Project("{9A19103F-16F7-4668-BE54-9A1E7A4F7556}") = "MultiShop.Catalog", "Services\Catalog\MultiShop.Catalog\MultiShop.Catalog.csproj", "{38A49E2C-38F5-4771-9A9A-50FC419790C2}"
EndProject
Project("{2150E333-8FDC-42A3-9474-1A3956D46DE8}") = "Discount", "Discount", "{57AF4246-2915-4F7E-8595-D6132C9AD1F9}"
EndProject
Project("{9A19103F-16F7-4668-BE54-9A1E7A4F7556}") = "MultiShop.Discount", "Services\Discount\MultiShop.Discount\MultiShop.Discount.csproj", "{8BD62950-6466-4182-882F-155673E2ECD3}"
EndProject
Project("{2150E333-8FDC-42A3-9474-1A3956D46DE8}") = "Order", "Order", "{675EEC73-213C-4BD7-BFBD-3445B5D1E975}"
EndProject
Project("{2150E333-8FDC-42A3-9474-1A3956D46DE8}") = "Core", "Core", "{32735073-35EA-43B2-B9B4-EACC5E859101}"
EndProject
Project("{2150E333-8FDC-42A3-9474-1A3956D46DE8}") = "Infrastructure", "Infrastructure", "{13D4F84B-D89F-48C0-88A2-A03F730B3766}"
EndProject
Project("{2150E333-8FDC-42A3-9474-1A3956D46DE8}") = "Presentation", "Presentation", "{E86A3C99-DA1B-44A6-A99C-31602F19C8B0}"
EndProject
Project("{9A19103F-16F7-4668-BE54-9A1E7A4F7556}") = "MultiShop.Order.Domain", "Services\Order\Core\MultiShop.Order.Domain\MultiShop.Order.Domain.csproj", "{D485C1FB-DFEA-4B90-A8AF-C5B637DF6B0F}"
EndProject
Project("{9A19103F-16F7-4668-BE54-9A1E7A4F7556}") = "MultiShop.Order.Application", "Services\Order\Core\MultiShop.Order.Application\MultiShop.Order.Application.csproj", "{233C01AD-F380-4CBC-B509-1E2E63462008}"
EndProject
Project("{9A19103F-16F7-4668-BE54-9A1E7A4F7556}") = "MultiShop.Order.Persistence", "Services\Order\Infrastructure\MultiShop.Order.Persistence\MultiShop.Order.Persistence.csproj", "{E10E2924-4223-47E7-95DD-BDD4E4396B7A}"
EndProject
Project("{9A19103F-16F7-4668-BE54-9A1E7A4F7556}") = "MultiShop.Order.WebApi", "Services\Order\Presentation\MultiShop.Order.WebApi\MultiShop.Order.WebApi.csproj", "{C8C1E300-B1B4-43BA-BFA7-DAB02ECD387D}"
EndProject
Project("{2150E333-8FDC-42A3-9474-1A3956D46DE8}") = "IdentityServer", "IdentityServer", "{7148BF5A-8398-4ADE-A59B-3D434DBDCF89}"
EndProject
Project("{9A19103F-16F7-4668-BE54-9A1E7A4F7556}") = "MultiShop.IdentityServer", "IdentityServer\MultiShop.IdentityServer\MultiShop.IdentityServer.csproj", "{ED1B62D9-935F-4DA7-9E5E-6B605CDA1CF9}"
EndProject
Project("{2150E333-8FDC-42A3-9474-1A3956D46DE8}") = "Cargo", "Cargo", "{7C852DDB-FB53-4174-B0A2-6D77952954D5}"
EndProject
Project("{9A19103F-16F7-4668-BE54-9A1E7A4F7556}") = "MultiShop.Cargo.EntityLayer", "Services\Cargo\MultiShop.Cargo.EntityLayer\MultiShop.Cargo.EntityLayer.csproj", "{ACF7FCC5-FB2D-45CC-AD7A-18E4BF712576}"
EndProject
Project("{9A19103F-16F7-4668-BE54-9A1E7A4F7556}") = "MultiShop.Cargo.DataAccessLayer", "Services\Cargo\MultiShop.Cargo.DataAccessLayer\MultiShop.Cargo.DataAccessLayer.csproj", "{F38AC293-F8E7-44F0-88E9-28A94224D302}"
EndProject
Project("{9A19103F-16F7-4668-BE54-9A1E7A4F7556}") = "MultiShop.Cargo.BusinessLayer", "Services\Cargo\MultiShop.Cargo.BusinessLayer\MultiShop.Cargo.BusinessLayer.csproj", "{53F9F621-36B4-4C34-8135-D72931506870}"
EndProject
Project("{9A19103F-16F7-4668-BE54-9A1E7A4F7556}") = "MultiShop.Cargo.DtoLayer", "Services\Cargo\MultiShop.Cargo.DtoLayer\MultiShop.Cargo.DtoLayer.csproj", "{7713E13E-BDCF-45AC-BE97-C40638275FCC}"
EndProject
Project("{9A19103F-16F7-4668-BE54-9A1E7A4F7556}") = "MultiShop.Cargo.WebApi", "Services\Cargo\MultiShop.Cargo.WebApi\MultiShop.Cargo.WebApi.csproj", "{EBE5CD44-9EC9-49C6-87A1-E5339A6DD7F3}"
EndProject
Project("{2150E333-8FDC-42A3-9474-1A3956D46DE8}") = "Basket", "Basket", "{8146CDBF-81D0-4EEC-B4A4-36070E5868FE}"
EndProject
Project("{FAE04EC0-301F-11D3-BF4B-00C04F79EFBC}") = "MultiShop.Basket", "Services\Basket\MultiShop.Basket\MultiShop.Basket.csproj", "{D118F92B-D4D0-492C-AABA-5D1AFC14AAB5}"
EndProject
Global
	GlobalSection(SolutionConfigurationPlatforms) = preSolution
		Debug|Any CPU = Debug|Any CPU
		Release|Any CPU = Release|Any CPU
	EndGlobalSection
	GlobalSection(ProjectConfigurationPlatforms) = postSolution
		{38A49E2C-38F5-4771-9A9A-50FC419790C2}.Debug|Any CPU.ActiveCfg = Debug|Any CPU
		{38A49E2C-38F5-4771-9A9A-50FC419790C2}.Debug|Any CPU.Build.0 = Debug|Any CPU
		{38A49E2C-38F5-4771-9A9A-50FC419790C2}.Release|Any CPU.ActiveCfg = Release|Any CPU
		{38A49E2C-38F5-4771-9A9A-50FC419790C2}.Release|Any CPU.Build.0 = Release|Any CPU
		{8BD62950-6466-4182-882F-155673E2ECD3}.Debug|Any CPU.ActiveCfg = Debug|Any CPU
		{8BD62950-6466-4182-882F-155673E2ECD3}.Debug|Any CPU.Build.0 = Debug|Any CPU
		{8BD62950-6466-4182-882F-155673E2ECD3}.Release|Any CPU.ActiveCfg = Release|Any CPU
		{8BD62950-6466-4182-882F-155673E2ECD3}.Release|Any CPU.Build.0 = Release|Any CPU
		{D485C1FB-DFEA-4B90-A8AF-C5B637DF6B0F}.Debug|Any CPU.ActiveCfg = Debug|Any CPU
		{D485C1FB-DFEA-4B90-A8AF-C5B637DF6B0F}.Debug|Any CPU.Build.0 = Debug|Any CPU
		{D485C1FB-DFEA-4B90-A8AF-C5B637DF6B0F}.Release|Any CPU.ActiveCfg = Release|Any CPU
		{D485C1FB-DFEA-4B90-A8AF-C5B637DF6B0F}.Release|Any CPU.Build.0 = Release|Any CPU
		{233C01AD-F380-4CBC-B509-1E2E63462008}.Debug|Any CPU.ActiveCfg = Debug|Any CPU
		{233C01AD-F380-4CBC-B509-1E2E63462008}.Debug|Any CPU.Build.0 = Debug|Any CPU
		{233C01AD-F380-4CBC-B509-1E2E63462008}.Release|Any CPU.ActiveCfg = Release|Any CPU
		{233C01AD-F380-4CBC-B509-1E2E63462008}.Release|Any CPU.Build.0 = Release|Any CPU
		{E10E2924-4223-47E7-95DD-BDD4E4396B7A}.Debug|Any CPU.ActiveCfg = Debug|Any CPU
		{E10E2924-4223-47E7-95DD-BDD4E4396B7A}.Debug|Any CPU.Build.0 = Debug|Any CPU
		{E10E2924-4223-47E7-95DD-BDD4E4396B7A}.Release|Any CPU.ActiveCfg = Release|Any CPU
		{E10E2924-4223-47E7-95DD-BDD4E4396B7A}.Release|Any CPU.Build.0 = Release|Any CPU
		{C8C1E300-B1B4-43BA-BFA7-DAB02ECD387D}.Debug|Any CPU.ActiveCfg = Debug|Any CPU
		{C8C1E300-B1B4-43BA-BFA7-DAB02ECD387D}.Debug|Any CPU.Build.0 = Debug|Any CPU
		{C8C1E300-B1B4-43BA-BFA7-DAB02ECD387D}.Release|Any CPU.ActiveCfg = Release|Any CPU
		{C8C1E300-B1B4-43BA-BFA7-DAB02ECD387D}.Release|Any CPU.Build.0 = Release|Any CPU
		{ED1B62D9-935F-4DA7-9E5E-6B605CDA1CF9}.Debug|Any CPU.ActiveCfg = Debug|Any CPU
		{ED1B62D9-935F-4DA7-9E5E-6B605CDA1CF9}.Debug|Any CPU.Build.0 = Debug|Any CPU
		{ED1B62D9-935F-4DA7-9E5E-6B605CDA1CF9}.Release|Any CPU.ActiveCfg = Release|Any CPU
		{ED1B62D9-935F-4DA7-9E5E-6B605CDA1CF9}.Release|Any CPU.Build.0 = Release|Any CPU
		{ACF7FCC5-FB2D-45CC-AD7A-18E4BF712576}.Debug|Any CPU.ActiveCfg = Debug|Any CPU
		{ACF7FCC5-FB2D-45CC-AD7A-18E4BF712576}.Debug|Any CPU.Build.0 = Debug|Any CPU
		{ACF7FCC5-FB2D-45CC-AD7A-18E4BF712576}.Release|Any CPU.ActiveCfg = Release|Any CPU
		{ACF7FCC5-FB2D-45CC-AD7A-18E4BF712576}.Release|Any CPU.Build.0 = Release|Any CPU
		{F38AC293-F8E7-44F0-88E9-28A94224D302}.Debug|Any CPU.ActiveCfg = Debug|Any CPU
		{F38AC293-F8E7-44F0-88E9-28A94224D302}.Debug|Any CPU.Build.0 = Debug|Any CPU
		{F38AC293-F8E7-44F0-88E9-28A94224D302}.Release|Any CPU.ActiveCfg = Release|Any CPU
		{F38AC293-F8E7-44F0-88E9-28A94224D302}.Release|Any CPU.Build.0 = Release|Any CPU
		{53F9F621-36B4-4C34-8135-D72931506870}.Debug|Any CPU.ActiveCfg = Debug|Any CPU
		{53F9F621-36B4-4C34-8135-D72931506870}.Debug|Any CPU.Build.0 = Debug|Any CPU
		{53F9F621-36B4-4C34-8135-D72931506870}.Release|Any CPU.ActiveCfg = Release|Any CPU
		{53F9F621-36B4-4C34-8135-D72931506870}.Release|Any CPU.Build.0 = Release|Any CPU
		{7713E13E-BDCF-45AC-BE97-C40638275FCC}.Debug|Any CPU.ActiveCfg = Debug|Any CPU
		{7713E13E-BDCF-45AC-BE97-C40638275FCC}.Debug|Any CPU.Build.0 = Debug|Any CPU
		{7713E13E-BDCF-45AC-BE97-C40638275FCC}.Release|Any CPU.ActiveCfg = Release|Any CPU
		{7713E13E-BDCF-45AC-BE97-C40638275FCC}.Release|Any CPU.Build.0 = Release|Any CPU
		{EBE5CD44-9EC9-49C6-87A1-E5339A6DD7F3}.Debug|Any CPU.ActiveCfg = Debug|Any CPU
		{EBE5CD44-9EC9-49C6-87A1-E5339A6DD7F3}.Debug|Any CPU.Build.0 = Debug|Any CPU
		{EBE5CD44-9EC9-49C6-87A1-E5339A6DD7F3}.Release|Any CPU.ActiveCfg = Release|Any CPU
		{EBE5CD44-9EC9-49C6-87A1-E5339A6DD7F3}.Release|Any CPU.Build.0 = Release|Any CPU
		{D118F92B-D4D0-492C-AABA-5D1AFC14AAB5}.Debug|Any CPU.ActiveCfg = Debug|Any CPU
		{D118F92B-D4D0-492C-AABA-5D1AFC14AAB5}.Debug|Any CPU.Build.0 = Debug|Any CPU
		{D118F92B-D4D0-492C-AABA-5D1AFC14AAB5}.Release|Any CPU.ActiveCfg = Release|Any CPU
		{D118F92B-D4D0-492C-AABA-5D1AFC14AAB5}.Release|Any CPU.Build.0 = Release|Any CPU
	EndGlobalSection
	GlobalSection(SolutionProperties) = preSolution
		HideSolutionNode = FALSE
	EndGlobalSection
	GlobalSection(NestedProjects) = preSolution
		{1699A489-E346-4D06-9651-9F8401C8FE63} = {59CF834A-8318-445C-8CFA-073C1F7A42C5}
		{38A49E2C-38F5-4771-9A9A-50FC419790C2} = {1699A489-E346-4D06-9651-9F8401C8FE63}
		{57AF4246-2915-4F7E-8595-D6132C9AD1F9} = {59CF834A-8318-445C-8CFA-073C1F7A42C5}
		{8BD62950-6466-4182-882F-155673E2ECD3} = {57AF4246-2915-4F7E-8595-D6132C9AD1F9}
		{675EEC73-213C-4BD7-BFBD-3445B5D1E975} = {59CF834A-8318-445C-8CFA-073C1F7A42C5}
		{32735073-35EA-43B2-B9B4-EACC5E859101} = {675EEC73-213C-4BD7-BFBD-3445B5D1E975}
		{13D4F84B-D89F-48C0-88A2-A03F730B3766} = {675EEC73-213C-4BD7-BFBD-3445B5D1E975}
		{E86A3C99-DA1B-44A6-A99C-31602F19C8B0} = {675EEC73-213C-4BD7-BFBD-3445B5D1E975}
		{D485C1FB-DFEA-4B90-A8AF-C5B637DF6B0F} = {32735073-35EA-43B2-B9B4-EACC5E859101}
		{233C01AD-F380-4CBC-B509-1E2E63462008} = {32735073-35EA-43B2-B9B4-EACC5E859101}
		{E10E2924-4223-47E7-95DD-BDD4E4396B7A} = {13D4F84B-D89F-48C0-88A2-A03F730B3766}
		{C8C1E300-B1B4-43BA-BFA7-DAB02ECD387D} = {E86A3C99-DA1B-44A6-A99C-31602F19C8B0}
		{ED1B62D9-935F-4DA7-9E5E-6B605CDA1CF9} = {7148BF5A-8398-4ADE-A59B-3D434DBDCF89}
		{7C852DDB-FB53-4174-B0A2-6D77952954D5} = {59CF834A-8318-445C-8CFA-073C1F7A42C5}
		{ACF7FCC5-FB2D-45CC-AD7A-18E4BF712576} = {7C852DDB-FB53-4174-B0A2-6D77952954D5}
		{F38AC293-F8E7-44F0-88E9-28A94224D302} = {7C852DDB-FB53-4174-B0A2-6D77952954D5}
		{53F9F621-36B4-4C34-8135-D72931506870} = {7C852DDB-FB53-4174-B0A2-6D77952954D5}
		{7713E13E-BDCF-45AC-BE97-C40638275FCC} = {7C852DDB-FB53-4174-B0A2-6D77952954D5}
		{EBE5CD44-9EC9-49C6-87A1-E5339A6DD7F3} = {7C852DDB-FB53-4174-B0A2-6D77952954D5}
		{8146CDBF-81D0-4EEC-B4A4-36070E5868FE} = {59CF834A-8318-445C-8CFA-073C1F7A42C5}
		{D118F92B-D4D0-492C-AABA-5D1AFC14AAB5} = {8146CDBF-81D0-4EEC-B4A4-36070E5868FE}
	EndGlobalSection
	GlobalSection(ExtensibilityGlobals) = postSolution
		SolutionGuid = {BC3C4936-E8AC-49DC-B2EB-9D2CFD546988}
	EndGlobalSection
EndGlobal
